// !$*UTF8*$!
{
	archiveVersion = 1;
	classes = {
	};
	objectVersion = 46;
	objects = {

/* Begin PBXBuildFile section */
		CB1EE0C41A9AFEB100400611 /* main.m in Sources */ = {isa = PBXBuildFile; fileRef = CB1EE0C31A9AFEB100400611 /* main.m */; };
		CB1EE0C71A9AFEB100400611 /* AppDelegate.m in Sources */ = {isa = PBXBuildFile; fileRef = CB1EE0C61A9AFEB100400611 /* AppDelegate.m */; };
		CB1EE0CA1A9AFEB100400611 /* ViewController.m in Sources */ = {isa = PBXBuildFile; fileRef = CB1EE0C91A9AFEB100400611 /* ViewController.m */; };
		CB1EE0CD1A9AFEB100400611 /* Main.storyboard in Resources */ = {isa = PBXBuildFile; fileRef = CB1EE0CB1A9AFEB100400611 /* Main.storyboard */; };
		CB1EE0CF1A9AFEB100400611 /* Images.xcassets in Resources */ = {isa = PBXBuildFile; fileRef = CB1EE0CE1A9AFEB100400611 /* Images.xcassets */; };
		CB1EE0D21A9AFEB100400611 /* LaunchScreen.xib in Resources */ = {isa = PBXBuildFile; fileRef = CB1EE0D01A9AFEB100400611 /* LaunchScreen.xib */; };
		CB1EE0DE1A9AFEB100400611 /* MeetScriptTests.m in Sources */ = {isa = PBXBuildFile; fileRef = CB1EE0DD1A9AFEB100400611 /* MeetScriptTests.m */; };
/* End PBXBuildFile section */

/* Begin PBXContainerItemProxy section */
		CB1EE0D81A9AFEB100400611 /* PBXContainerItemProxy */ = {
			isa = PBXContainerItemProxy;
			containerPortal = CB1EE0B61A9AFEB000400611 /* Project object */;
			proxyType = 1;
			remoteGlobalIDString = CB1EE0BD1A9AFEB000400611;
			remoteInfo = MeetScript;
		};
/* End PBXContainerItemProxy section */

/* Begin PBXFileReference section */
		CB1EE0BE1A9AFEB100400611 /* MeetScript.app */ = {isa = PBXFileReference; explicitFileType = wrapper.application; includeInIndex = 0; path = MeetScript.app; sourceTree = BUILT_PRODUCTS_DIR; };
		CB1EE0C21A9AFEB100400611 /* Info.plist */ = {isa = PBXFileReference; lastKnownFileType = text.plist.xml; path = Info.plist; sourceTree = "<group>"; };
		CB1EE0C31A9AFEB100400611 /* main.m */ = {isa = PBXFileReference; lastKnownFileType = sourcecode.c.objc; path = main.m; sourceTree = "<group>"; };
		CB1EE0C51A9AFEB100400611 /* AppDelegate.h */ = {isa = PBXFileReference; lastKnownFileType = sourcecode.c.h; path = AppDelegate.h; sourceTree = "<group>"; };
		CB1EE0C61A9AFEB100400611 /* AppDelegate.m */ = {isa = PBXFileReference; lastKnownFileType = sourcecode.c.objc; path = AppDelegate.m; sourceTree = "<group>"; };
		CB1EE0C81A9AFEB100400611 /* ViewController.h */ = {isa = PBXFileReference; lastKnownFileType = sourcecode.c.h; path = ViewController.h; sourceTree = "<group>"; };
		CB1EE0C91A9AFEB100400611 /* ViewController.m */ = {isa = PBXFileReference; lastKnownFileType = sourcecode.c.objc; path = ViewController.m; sourceTree = "<group>"; };
		CB1EE0CC1A9AFEB100400611 /* Base */ = {isa = PBXFileReference; lastKnownFileType = file.storyboard; name = Base; path = Base.lproj/Main.storyboard; sourceTree = "<group>"; };
		CB1EE0CE1A9AFEB100400611 /* Images.xcassets */ = {isa = PBXFileReference; lastKnownFileType = folder.assetcatalog; path = Images.xcassets; sourceTree = "<group>"; };
		CB1EE0D11A9AFEB100400611 /* Base */ = {isa = PBXFileReference; lastKnownFileType = file.xib; name = Base; path = Base.lproj/LaunchScreen.xib; sourceTree = "<group>"; };
		CB1EE0D71A9AFEB100400611 /* MeetScriptTests.xctest */ = {isa = PBXFileReference; explicitFileType = wrapper.cfbundle; includeInIndex = 0; path = MeetScriptTests.xctest; sourceTree = BUILT_PRODUCTS_DIR; };
		CB1EE0DC1A9AFEB100400611 /* Info.plist */ = {isa = PBXFileReference; lastKnownFileType = text.plist.xml; path = Info.plist; sourceTree = "<group>"; };
		CB1EE0DD1A9AFEB100400611 /* MeetScriptTests.m */ = {isa = PBXFileReference; lastKnownFileType = sourcecode.c.objc; path = MeetScriptTests.m; sourceTree = "<group>"; };
/* End PBXFileReference section */

/* Begin PBXFrameworksBuildPhase section */
		CB1EE0BB1A9AFEB000400611 /* Frameworks */ = {
			isa = PBXFrameworksBuildPhase;
			buildActionMask = 2147483647;
			files = (
			);
			runOnlyForDeploymentPostprocessing = 0;
		};
		CB1EE0D41A9AFEB100400611 /* Frameworks */ = {
			isa = PBXFrameworksBuildPhase;
			buildActionMask = 2147483647;
			files = (
			);
			runOnlyForDeploymentPostprocessing = 0;
		};
/* End PBXFrameworksBuildPhase section */

/* Begin PBXGroup section */
		CB1EE0B51A9AFEB000400611 = {
			isa = PBXGroup;
			children = (
				CB1EE0C01A9AFEB100400611 /* MeetScript */,
				CB1EE0DA1A9AFEB100400611 /* MeetScriptTests */,
				CB1EE0BF1A9AFEB100400611 /* Products */,
			);
			sourceTree = "<group>";
		};
		CB1EE0BF1A9AFEB100400611 /* Products */ = {
			isa = PBXGroup;
			children = (
				CB1EE0BE1A9AFEB100400611 /* MeetScript.app */,
				CB1EE0D71A9AFEB100400611 /* MeetScriptTests.xctest */,
			);
			name = Products;
			sourceTree = "<group>";
		};
		CB1EE0C01A9AFEB100400611 /* MeetScript */ = {
			isa = PBXGroup;
			children = (
				CB1EE0C51A9AFEB100400611 /* AppDelegate.h */,
				CB1EE0C61A9AFEB100400611 /* AppDelegate.m */,
				CB1EE0C81A9AFEB100400611 /* ViewController.h */,
				CB1EE0C91A9AFEB100400611 /* ViewController.m */,
				CB1EE0CB1A9AFEB100400611 /* Main.storyboard */,
				CB1EE0CE1A9AFEB100400611 /* Images.xcassets */,
				CB1EE0D01A9AFEB100400611 /* LaunchScreen.xib */,
				CB1EE0C11A9AFEB100400611 /* Supporting Files */,
			);
			path = MeetScript;
			sourceTree = "<group>";
		};
		CB1EE0C11A9AFEB100400611 /* Supporting Files */ = {
			isa = PBXGroup;
			children = (
				CB1EE0C21A9AFEB100400611 /* Info.plist */,
				CB1EE0C31A9AFEB100400611 /* main.m */,
			);
			name = "Supporting Files";
			sourceTree = "<group>";
		};
		CB1EE0DA1A9AFEB100400611 /* MeetScriptTests */ = {
			isa = PBXGroup;
			children = (
				CB1EE0DD1A9AFEB100400611 /* MeetScriptTests.m */,
				CB1EE0DB1A9AFEB100400611 /* Supporting Files */,
			);
			path = MeetScriptTests;
			sourceTree = "<group>";
		};
		CB1EE0DB1A9AFEB100400611 /* Supporting Files */ = {
			isa = PBXGroup;
			children = (
				CB1EE0DC1A9AFEB100400611 /* Info.plist */,
			);
			name = "Supporting Files";
			sourceTree = "<group>";
		};
/* End PBXGroup section */

/* Begin PBXNativeTarget section */
		CB1EE0BD1A9AFEB000400611 /* MeetScript */ = {
			isa = PBXNativeTarget;
			buildConfigurationList = CB1EE0E11A9AFEB100400611 /* Build configuration list for PBXNativeTarget "MeetScript" */;
			buildPhases = (
				CB1EE0BA1A9AFEB000400611 /* Sources */,
				CB1EE0BB1A9AFEB000400611 /* Frameworks */,
				CB1EE0BC1A9AFEB000400611 /* Resources */,
			);
			buildRules = (
			);
			dependencies = (
			);
			name = MeetScript;
			productName = MeetScript;
			productReference = CB1EE0BE1A9AFEB100400611 /* MeetScript.app */;
			productType = "com.apple.product-type.application";
		};
		CB1EE0D61A9AFEB100400611 /* MeetScriptTests */ = {
			isa = PBXNativeTarget;
			buildConfigurationList = CB1EE0E41A9AFEB100400611 /* Build configuration list for PBXNativeTarget "MeetScriptTests" */;
			buildPhases = (
				CB1EE0D31A9AFEB100400611 /* Sources */,
				CB1EE0D41A9AFEB100400611 /* Frameworks */,
				CB1EE0D51A9AFEB100400611 /* Resources */,
			);
			buildRules = (
			);
			dependencies = (
				CB1EE0D91A9AFEB100400611 /* PBXTargetDependency */,
			);
			name = MeetScriptTests;
			productName = MeetScriptTests;
			productReference = CB1EE0D71A9AFEB100400611 /* MeetScriptTests.xctest */;
			productType = "com.apple.product-type.bundle.unit-test";
		};
/* End PBXNativeTarget section */

/* Begin PBXProject section */
		CB1EE0B61A9AFEB000400611 /* Project object */ = {
			isa = PBXProject;
			attributes = {
				LastUpgradeCheck = 0610;
				ORGANIZATIONNAME = SDR;
				TargetAttributes = {
					CB1EE0BD1A9AFEB000400611 = {
						CreatedOnToolsVersion = 6.1.1;
					};
					CB1EE0D61A9AFEB100400611 = {
						CreatedOnToolsVersion = 6.1.1;
						TestTargetID = CB1EE0BD1A9AFEB000400611;
					};
				};
			};
			buildConfigurationList = CB1EE0B91A9AFEB000400611 /* Build configuration list for PBXProject "MeetScript" */;
			compatibilityVersion = "Xcode 3.2";
			developmentRegion = English;
			hasScannedForEncodings = 0;
			knownRegions = (
				en,
				Base,
			);
			mainGroup = CB1EE0B51A9AFEB000400611;
			productRefGroup = CB1EE0BF1A9AFEB100400611 /* Products */;
			projectDirPath = "";
			projectRoot = "";
			targets = (
				CB1EE0BD1A9AFEB000400611 /* MeetScript */,
				CB1EE0D61A9AFEB100400611 /* MeetScriptTests */,
			);
		};
/* End PBXProject section */

/* Begin PBXResourcesBuildPhase section */
		CB1EE0BC1A9AFEB000400611 /* Resources */ = {
			isa = PBXResourcesBuildPhase;
			buildActionMask = 2147483647;
			files = (
				CB1EE0CD1A9AFEB100400611 /* Main.storyboard in Resources */,
				CB1EE0D21A9AFEB100400611 /* LaunchScreen.xib in Resources */,
				CB1EE0CF1A9AFEB100400611 /* Images.xcassets in Resources */,
			);
			runOnlyForDeploymentPostprocessing = 0;
		};
		CB1EE0D51A9AFEB100400611 /* Resources */ = {
			isa = PBXResourcesBuildPhase;
			buildActionMask = 2147483647;
			files = (
			);
			runOnlyForDeploymentPostprocessing = 0;
		};
/* End PBXResourcesBuildPhase section */

/* Begin PBXSourcesBuildPhase section */
		CB1EE0BA1A9AFEB000400611 /* Sources */ = {
			isa = PBXSourcesBuildPhase;
			buildActionMask = 2147483647;
			files = (
				CB1EE0CA1A9AFEB100400611 /* ViewController.m in Sources */,
				CB1EE0C71A9AFEB100400611 /* AppDelegate.m in Sources */,
				CB1EE0C41A9AFEB100400611 /* main.m in Sources */,
			);
			runOnlyForDeploymentPostprocessing = 0;
		};
		CB1EE0D31A9AFEB100400611 /* Sources */ = {
			isa = PBXSourcesBuildPhase;
			buildActionMask = 2147483647;
			files = (
				CB1EE0DE1A9AFEB100400611 /* MeetScriptTests.m in Sources */,
			);
			runOnlyForDeploymentPostprocessing = 0;
		};
/* End PBXSourcesBuildPhase section */

/* Begin PBXTargetDependency section */
		CB1EE0D91A9AFEB100400611 /* PBXTargetDependency */ = {
			isa = PBXTargetDependency;
			target = CB1EE0BD1A9AFEB000400611 /* MeetScript */;
			targetProxy = CB1EE0D81A9AFEB100400611 /* PBXContainerItemProxy */;
		};
/* End PBXTargetDependency section */

/* Begin PBXVariantGroup section */
		CB1EE0CB1A9AFEB100400611 /* Main.storyboard */ = {
			isa = PBXVariantGroup;
			children = (
				CB1EE0CC1A9AFEB100400611 /* Base */,
			);
			name = Main.storyboard;
			sourceTree = "<group>";
		};
		CB1EE0D01A9AFEB100400611 /* LaunchScreen.xib */ = {
			isa = PBXVariantGroup;
			children = (
				CB1EE0D11A9AFEB100400611 /* Base */,
			);
			name = LaunchScreen.xib;
			sourceTree = "<group>";
		};
/* End PBXVariantGroup section */

/* Begin XCBuildConfiguration section */
		CB1EE0DF1A9AFEB100400611 /* Debug */ = {
			isa = XCBuildConfiguration;
			buildSettings = {
				ALWAYS_SEARCH_USER_PATHS = NO;
				CLANG_CXX_LANGUAGE_STANDARD = "gnu++0x";
				CLANG_CXX_LIBRARY = "libc++";
				CLANG_ENABLE_MODULES = YES;
				CLANG_ENABLE_OBJC_ARC = YES;
				CLANG_WARN_BOOL_CONVERSION = YES;
				CLANG_WARN_CONSTANT_CONVERSION = YES;
				CLANG_WARN_DIRECT_OBJC_ISA_USAGE = YES_ERROR;
				CLANG_WARN_EMPTY_BODY = YES;
				CLANG_WARN_ENUM_CONVERSION = YES;
				CLANG_WARN_INT_CONVERSION = YES;
				CLANG_WARN_OBJC_ROOT_CLASS = YES_ERROR;
				CLANG_WARN_UNREACHABLE_CODE = YES;
				CLANG_WARN__DUPLICATE_METHOD_MATCH = YES;
				"CODE_SIGN_IDENTITY[sdk=iphoneos*]" = "iPhone Developer";
				COPY_PHASE_STRIP = NO;
				ENABLE_STRICT_OBJC_MSGSEND = YES;
				GCC_C_LANGUAGE_STANDARD = gnu99;
				GCC_DYNAMIC_NO_PIC = NO;
				GCC_OPTIMIZATION_LEVEL = 0;
				GCC_PREPROCESSOR_DEFINITIONS = (
					"DEBUG=1",
					"$(inherited)",
				);
				GCC_SYMBOLS_PRIVATE_EXTERN = NO;
				GCC_WARN_64_TO_32_BIT_CONVERSION = YES;
				GCC_WARN_ABOUT_RETURN_TYPE = YES_ERROR;
				GCC_WARN_UNDECLARED_SELECTOR = YES;
				GCC_WARN_UNINITIALIZED_AUTOS = YES_AGGRESSIVE;
				GCC_WARN_UNUSED_FUNCTION = YES;
				GCC_WARN_UNUSED_VARIABLE = YES;
				IPHONEOS_DEPLOYMENT_TARGET = 8.1;
				MTL_ENABLE_DEBUG_INFO = YES;
				ONLY_ACTIVE_ARCH = YES;
				SDKROOT = iphoneos;
			};
			name = Debug;
		};
		CB1EE0E01A9AFEB100400611 /* Release */ = {
			isa = XCBuildConfiguration;
			buildSettings = {
				ALWAYS_SEARCH_USER_PATHS = NO;
				CLANG_CXX_LANGUAGE_STANDARD = "gnu++0x";
				CLANG_CXX_LIBRARY = "libc++";
				CLANG_ENABLE_MODULES = YES;
				CLANG_ENABLE_OBJC_ARC = YES;
				CLANG_WARN_BOOL_CONVERSION = YES;
				CLANG_WARN_CONSTANT_CONVERSION = YES;
				CLANG_WARN_DIRECT_OBJC_ISA_USAGE = YES_ERROR;
				CLANG_WARN_EMPTY_BODY = YES;
				CLANG_WARN_ENUM_CONVERSION = YES;
				CLANG_WARN_INT_CONVERSION = YES;
				CLANG_WARN_OBJC_ROOT_CLASS = YES_ERROR;
				CLANG_WARN_UNREACHABLE_CODE = YES;
				CLANG_WARN__DUPLICATE_METHOD_MATCH = YES;
				"CODE_SIGN_IDENTITY[sdk=iphoneos*]" = "iPhone Developer";
				COPY_PHASE_STRIP = YES;
				ENABLE_NS_ASSERTIONS = NO;
				ENABLE_STRICT_OBJC_MSGSEND = YES;
				GCC_C_LANGUAGE_STANDARD = gnu99;
				GCC_WARN_64_TO_32_BIT_CONVERSION = YES;
				GCC_WARN_ABOUT_RETURN_TYPE = YES_ERROR;
				GCC_WARN_UNDECLARED_SELECTOR = YES;
				GCC_WARN_UNINITIALIZED_AUTOS = YES_AGGRESSIVE;
				GCC_WARN_UNUSED_FUNCTION = YES;
				GCC_WARN_UNUSED_VARIABLE = YES;
				IPHONEOS_DEPLOYMENT_TARGET = 8.1;
				MTL_ENABLE_DEBUG_INFO = NO;
				SDKROOT = iphoneos;
				VALIDATE_PRODUCT = YES;
			};
			name = Release;
		};
		CB1EE0E21A9AFEB100400611 /* Debug */ = {
			isa = XCBuildConfiguration;
			buildSettings = {
				ASSETCATALOG_COMPILER_APPICON_NAME = AppIcon;
				INFOPLIST_FILE = MeetScript/Info.plist;
				LD_RUNPATH_SEARCH_PATHS = "$(inherited) @executable_path/Frameworks";
				PRODUCT_NAME = "$(TARGET_NAME)";
			};
			name = Debug;
		};
		CB1EE0E31A9AFEB100400611 /* Release */ = {
			isa = XCBuildConfiguration;
			buildSettings = {
				ASSETCATALOG_COMPILER_APPICON_NAME = AppIcon;
				INFOPLIST_FILE = MeetScript/Info.plist;
				LD_RUNPATH_SEARCH_PATHS = "$(inherited) @executable_path/Frameworks";
				PRODUCT_NAME = "$(TARGET_NAME)";
			};
			name = Release;
		};
		CB1EE0E51A9AFEB100400611 /* Debug */ = {
			isa = XCBuildConfiguration;
			buildSettings = {
				BUNDLE_LOADER = "$(TEST_HOST)";
				FRAMEWORK_SEARCH_PATHS = (
					"$(SDKROOT)/Developer/Library/Frameworks",
					"$(inherited)",
				);
				GCC_PREPROCESSOR_DEFINITIONS = (
					"DEBUG=1",
					"$(inherited)",
				);
				INFOPLIST_FILE = MeetScriptTests/Info.plist;
				LD_RUNPATH_SEARCH_PATHS = "$(inherited) @executable_path/Frameworks @loader_path/Frameworks";
				PRODUCT_NAME = "$(TARGET_NAME)";
				TEST_HOST = "$(BUILT_PRODUCTS_DIR)/MeetScript.app/MeetScript";
			};
			name = Debug;
		};
		CB1EE0E61A9AFEB100400611 /* Release */ = {
			isa = XCBuildConfiguration;
			buildSettings = {
				BUNDLE_LOADER = "$(TEST_HOST)";
				FRAMEWORK_SEARCH_PATHS = (
					"$(SDKROOT)/Developer/Library/Frameworks",
					"$(inherited)",
				);
				INFOPLIST_FILE = MeetScriptTests/Info.plist;
				LD_RUNPATH_SEARCH_PATHS = "$(inherited) @executable_path/Frameworks @loader_path/Frameworks";
				PRODUCT_NAME = "$(TARGET_NAME)";
				TEST_HOST = "$(BUILT_PRODUCTS_DIR)/MeetScript.app/MeetScript";
			};
			name = Release;
		};
/* End XCBuildConfiguration section */

/* Begin XCConfigurationList section */
		CB1EE0B91A9AFEB000400611 /* Build configuration list for PBXProject "MeetScript" */ = {
			isa = XCConfigurationList;
			buildConfigurations = (
				CB1EE0DF1A9AFEB100400611 /* Debug */,
				CB1EE0E01A9AFEB100400611 /* Release */,
			);
			defaultConfigurationIsVisible = 0;
			defaultConfigurationName = Release;
		};
		CB1EE0E11A9AFEB100400611 /* Build configuration list for PBXNativeTarget "MeetScript" */ = {
			isa = XCConfigurationList;
			buildConfigurations = (
				CB1EE0E21A9AFEB100400611 /* Debug */,
				CB1EE0E31A9AFEB100400611 /* Release */,
			);
			defaultConfigurationIsVisible = 0;
		};
		CB1EE0E41A9AFEB100400611 /* Build configuration list for PBXNativeTarget "MeetScriptTests" */ = {
			isa = XCConfigurationList;
			buildConfigurations = (
				CB1EE0E51A9AFEB100400611 /* Debug */,
				CB1EE0E61A9AFEB100400611 /* Release */,
			);
			defaultConfigurationIsVisible = 0;
		};
/* End XCConfigurationList section */
	};
	rootObject = CB1EE0B61A9AFEB000400611 /* Project object */;
}
